
Microsoft Visual Studio Solution File, Format Version 12.00
# Visual Studio 15
VisualStudioVersion = 15.0.26730.16
MinimumVisualStudioVersion = 10.0.40219.1
Project("{FAE04EC0-301F-11D3-BF4B-00C04F79EFBC}") = "app_test_example", "app_test_example\app_test_example.csproj", "{845964F4-0B9C-4F35-95AC-7E55A9E65159}"
EndProject
Global
	GlobalSection(SolutionConfigurationPlatforms) = preSolution
		Debug|Any CPU = Debug|Any CPU
		Release|Any CPU = Release|Any CPU
	EndGlobalSection
	GlobalSection(ProjectConfigurationPlatforms) = postSolution
		{845964F4-0B9C-4F35-95AC-7E55A9E65159}.Debug|Any CPU.ActiveCfg = Debug|Any CPU
		{845964F4-0B9C-4F35-95AC-7E55A9E65159}.Debug|Any CPU.Build.0 = Debug|Any CPU
		{845964F4-0B9C-4F35-95AC-7E55A9E65159}.Release|Any CPU.ActiveCfg = Release|Any CPU
		{845964F4-0B9C-4F35-95AC-7E55A9E65159}.Release|Any CPU.Build.0 = Release|Any CPU
	EndGlobalSection
	GlobalSection(SolutionProperties) = preSolution
		HideSolutionNode = FALSE
	EndGlobalSection
	GlobalSection(ExtensibilityGlobals) = postSolution
		SolutionGuid = {C5BB9A1B-89C5-4061-ADF7-71A670FAC128}
	EndGlobalSection
EndGlobal
